// !$*UTF8*$!
{
	archiveVersion = 1;
	classes = {
	};
	objectVersion = 46;
	objects = {

/* Begin PBXBuildFile section */
		3BADC97E1E480E53006CFF6B /* AppDelegate.swift in Sources */ = {isa = PBXBuildFile; fileRef = 3BADC97D1E480E53006CFF6B /* AppDelegate.swift */; };
		3BADC9801E480E53006CFF6B /* ViewController.swift in Sources */ = {isa = PBXBuildFile; fileRef = 3BADC97F1E480E53006CFF6B /* ViewController.swift */; };
		3BADC9831E480E54006CFF6B /* Main.storyboard in Resources */ = {isa = PBXBuildFile; fileRef = 3BADC9811E480E54006CFF6B /* Main.storyboard */; };
		3BADC9851E480E54006CFF6B /* Assets.xcassets in Resources */ = {isa = PBXBuildFile; fileRef = 3BADC9841E480E54006CFF6B /* Assets.xcassets */; };
		3BADC9881E480E54006CFF6B /* LaunchScreen.storyboard in Resources */ = {isa = PBXBuildFile; fileRef = 3BADC9861E480E54006CFF6B /* LaunchScreen.storyboard */; };
		3BADC9931E480E54006CFF6B /* SaveArchiving_HVTests.swift in Sources */ = {isa = PBXBuildFile; fileRef = 3BADC9921E480E54006CFF6B /* SaveArchiving_HVTests.swift */; };
		3BADC99E1E480E54006CFF6B /* SaveArchiving_HVUITests.swift in Sources */ = {isa = PBXBuildFile; fileRef = 3BADC99D1E480E54006CFF6B /* SaveArchiving_HVUITests.swift */; };
/* End PBXBuildFile section */

/* Begin PBXContainerItemProxy section */
		3BADC98F1E480E54006CFF6B /* PBXContainerItemProxy */ = {
			isa = PBXContainerItemProxy;
			containerPortal = 3BADC9721E480E53006CFF6B /* Project object */;
			proxyType = 1;
			remoteGlobalIDString = 3BADC9791E480E53006CFF6B;
			remoteInfo = SaveArchiving_HV;
		};
		3BADC99A1E480E54006CFF6B /* PBXContainerItemProxy */ = {
			isa = PBXContainerItemProxy;
			containerPortal = 3BADC9721E480E53006CFF6B /* Project object */;
			proxyType = 1;
			remoteGlobalIDString = 3BADC9791E480E53006CFF6B;
			remoteInfo = SaveArchiving_HV;
		};
/* End PBXContainerItemProxy section */

/* Begin PBXFileReference section */
		3BADC97A1E480E53006CFF6B /* SaveArchiving_HV.app */ = {isa = PBXFileReference; explicitFileType = wrapper.application; includeInIndex = 0; path = SaveArchiving_HV.app; sourceTree = BUILT_PRODUCTS_DIR; };
		3BADC97D1E480E53006CFF6B /* AppDelegate.swift */ = {isa = PBXFileReference; lastKnownFileType = sourcecode.swift; path = AppDelegate.swift; sourceTree = "<group>"; };
		3BADC97F1E480E53006CFF6B /* ViewController.swift */ = {isa = PBXFileReference; lastKnownFileType = sourcecode.swift; path = ViewController.swift; sourceTree = "<group>"; };
		3BADC9821E480E54006CFF6B /* Base */ = {isa = PBXFileReference; lastKnownFileType = file.storyboard; name = Base; path = Base.lproj/Main.storyboard; sourceTree = "<group>"; };
		3BADC9841E480E54006CFF6B /* Assets.xcassets */ = {isa = PBXFileReference; lastKnownFileType = folder.assetcatalog; path = Assets.xcassets; sourceTree = "<group>"; };
		3BADC9871E480E54006CFF6B /* Base */ = {isa = PBXFileReference; lastKnownFileType = file.storyboard; name = Base; path = Base.lproj/LaunchScreen.storyboard; sourceTree = "<group>"; };
		3BADC9891E480E54006CFF6B /* Info.plist */ = {isa = PBXFileReference; lastKnownFileType = text.plist.xml; path = Info.plist; sourceTree = "<group>"; };
		3BADC98E1E480E54006CFF6B /* SaveArchiving_HVTests.xctest */ = {isa = PBXFileReference; explicitFileType = wrapper.cfbundle; includeInIndex = 0; path = SaveArchiving_HVTests.xctest; sourceTree = BUILT_PRODUCTS_DIR; };
		3BADC9921E480E54006CFF6B /* SaveArchiving_HVTests.swift */ = {isa = PBXFileReference; lastKnownFileType = sourcecode.swift; path = SaveArchiving_HVTests.swift; sourceTree = "<group>"; };
		3BADC9941E480E54006CFF6B /* Info.plist */ = {isa = PBXFileReference; lastKnownFileType = text.plist.xml; path = Info.plist; sourceTree = "<group>"; };
		3BADC9991E480E54006CFF6B /* SaveArchiving_HVUITests.xctest */ = {isa = PBXFileReference; explicitFileType = wrapper.cfbundle; includeInIndex = 0; path = SaveArchiving_HVUITests.xctest; sourceTree = BUILT_PRODUCTS_DIR; };
		3BADC99D1E480E54006CFF6B /* SaveArchiving_HVUITests.swift */ = {isa = PBXFileReference; lastKnownFileType = sourcecode.swift; path = SaveArchiving_HVUITests.swift; sourceTree = "<group>"; };
		3BADC99F1E480E54006CFF6B /* Info.plist */ = {isa = PBXFileReference; lastKnownFileType = text.plist.xml; path = Info.plist; sourceTree = "<group>"; };
/* End PBXFileReference section */

/* Begin PBXFrameworksBuildPhase section */
		3BADC9771E480E53006CFF6B /* Frameworks */ = {
			isa = PBXFrameworksBuildPhase;
			buildActionMask = 2147483647;
			files = (
			);
			runOnlyForDeploymentPostprocessing = 0;
		};
		3BADC98B1E480E54006CFF6B /* Frameworks */ = {
			isa = PBXFrameworksBuildPhase;
			buildActionMask = 2147483647;
			files = (
			);
			runOnlyForDeploymentPostprocessing = 0;
		};
		3BADC9961E480E54006CFF6B /* Frameworks */ = {
			isa = PBXFrameworksBuildPhase;
			buildActionMask = 2147483647;
			files = (
			);
			runOnlyForDeploymentPostprocessing = 0;
		};
/* End PBXFrameworksBuildPhase section */

/* Begin PBXGroup section */
		3BADC9711E480E53006CFF6B = {
			isa = PBXGroup;
			children = (
				3BADC97C1E480E53006CFF6B /* SaveArchiving_HV */,
				3BADC9911E480E54006CFF6B /* SaveArchiving_HVTests */,
				3BADC99C1E480E54006CFF6B /* SaveArchiving_HVUITests */,
				3BADC97B1E480E53006CFF6B /* Products */,
			);
			sourceTree = "<group>";
		};
		3BADC97B1E480E53006CFF6B /* Products */ = {
			isa = PBXGroup;
			children = (
				3BADC97A1E480E53006CFF6B /* SaveArchiving_HV.app */,
				3BADC98E1E480E54006CFF6B /* SaveArchiving_HVTests.xctest */,
				3BADC9991E480E54006CFF6B /* SaveArchiving_HVUITests.xctest */,
			);
			name = Products;
			sourceTree = "<group>";
		};
		3BADC97C1E480E53006CFF6B /* SaveArchiving_HV */ = {
			isa = PBXGroup;
			children = (
				3BADC97D1E480E53006CFF6B /* AppDelegate.swift */,
				3BADC97F1E480E53006CFF6B /* ViewController.swift */,
				3BADC9811E480E54006CFF6B /* Main.storyboard */,
				3BADC9841E480E54006CFF6B /* Assets.xcassets */,
				3BADC9861E480E54006CFF6B /* LaunchScreen.storyboard */,
				3BADC9891E480E54006CFF6B /* Info.plist */,
			);
			path = SaveArchiving_HV;
			sourceTree = "<group>";
		};
		3BADC9911E480E54006CFF6B /* SaveArchiving_HVTests */ = {
			isa = PBXGroup;
			children = (
				3BADC9921E480E54006CFF6B /* SaveArchiving_HVTests.swift */,
				3BADC9941E480E54006CFF6B /* Info.plist */,
			);
			path = SaveArchiving_HVTests;
			sourceTree = "<group>";
		};
		3BADC99C1E480E54006CFF6B /* SaveArchiving_HVUITests */ = {
			isa = PBXGroup;
			children = (
				3BADC99D1E480E54006CFF6B /* SaveArchiving_HVUITests.swift */,
				3BADC99F1E480E54006CFF6B /* Info.plist */,
			);
			path = SaveArchiving_HVUITests;
			sourceTree = "<group>";
		};
/* End PBXGroup section */

/* Begin PBXNativeTarget section */
		3BADC9791E480E53006CFF6B /* SaveArchiving_HV */ = {
			isa = PBXNativeTarget;
			buildConfigurationList = 3BADC9A21E480E54006CFF6B /* Build configuration list for PBXNativeTarget "SaveArchiving_HV" */;
			buildPhases = (
				3BADC9761E480E53006CFF6B /* Sources */,
				3BADC9771E480E53006CFF6B /* Frameworks */,
				3BADC9781E480E53006CFF6B /* Resources */,
			);
			buildRules = (
			);
			dependencies = (
			);
			name = SaveArchiving_HV;
			productName = SaveArchiving_HV;
			productReference = 3BADC97A1E480E53006CFF6B /* SaveArchiving_HV.app */;
			productType = "com.apple.product-type.application";
		};
		3BADC98D1E480E54006CFF6B /* SaveArchiving_HVTests */ = {
			isa = PBXNativeTarget;
			buildConfigurationList = 3BADC9A51E480E54006CFF6B /* Build configuration list for PBXNativeTarget "SaveArchiving_HVTests" */;
			buildPhases = (
				3BADC98A1E480E54006CFF6B /* Sources */,
				3BADC98B1E480E54006CFF6B /* Frameworks */,
				3BADC98C1E480E54006CFF6B /* Resources */,
			);
			buildRules = (
			);
			dependencies = (
				3BADC9901E480E54006CFF6B /* PBXTargetDependency */,
			);
			name = SaveArchiving_HVTests;
			productName = SaveArchiving_HVTests;
			productReference = 3BADC98E1E480E54006CFF6B /* SaveArchiving_HVTests.xctest */;
			productType = "com.apple.product-type.bundle.unit-test";
		};
		3BADC9981E480E54006CFF6B /* SaveArchiving_HVUITests */ = {
			isa = PBXNativeTarget;
			buildConfigurationList = 3BADC9A81E480E54006CFF6B /* Build configuration list for PBXNativeTarget "SaveArchiving_HVUITests" */;
			buildPhases = (
				3BADC9951E480E54006CFF6B /* Sources */,
				3BADC9961E480E54006CFF6B /* Frameworks */,
				3BADC9971E480E54006CFF6B /* Resources */,
			);
			buildRules = (
			);
			dependencies = (
				3BADC99B1E480E54006CFF6B /* PBXTargetDependency */,
			);
			name = SaveArchiving_HVUITests;
			productName = SaveArchiving_HVUITests;
			productReference = 3BADC9991E480E54006CFF6B /* SaveArchiving_HVUITests.xctest */;
			productType = "com.apple.product-type.bundle.ui-testing";
		};
/* End PBXNativeTarget section */

/* Begin PBXProject section */
		3BADC9721E480E53006CFF6B /* Project object */ = {
			isa = PBXProject;
			attributes = {
				LastSwiftUpdateCheck = 0820;
				LastUpgradeCheck = 0820;
				ORGANIZATIONNAME = "Do Viet";
				TargetAttributes = {
					3BADC9791E480E53006CFF6B = {
						CreatedOnToolsVersion = 8.2.1;
						ProvisioningStyle = Automatic;
					};
					3BADC98D1E480E54006CFF6B = {
						CreatedOnToolsVersion = 8.2.1;
						ProvisioningStyle = Automatic;
						TestTargetID = 3BADC9791E480E53006CFF6B;
					};
					3BADC9981E480E54006CFF6B = {
						CreatedOnToolsVersion = 8.2.1;
						ProvisioningStyle = Automatic;
						TestTargetID = 3BADC9791E480E53006CFF6B;
					};
				};
			};
			buildConfigurationList = 3BADC9751E480E53006CFF6B /* Build configuration list for PBXProject "SaveArchiving_HV" */;
			compatibilityVersion = "Xcode 3.2";
			developmentRegion = English;
			hasScannedForEncodings = 0;
			knownRegions = (
				en,
				Base,
			);
			mainGroup = 3BADC9711E480E53006CFF6B;
			productRefGroup = 3BADC97B1E480E53006CFF6B /* Products */;
			projectDirPath = "";
			projectRoot = "";
			targets = (
				3BADC9791E480E53006CFF6B /* SaveArchiving_HV */,
				3BADC98D1E480E54006CFF6B /* SaveArchiving_HVTests */,
				3BADC9981E480E54006CFF6B /* SaveArchiving_HVUITests */,
			);
		};
/* End PBXProject section */

/* Begin PBXResourcesBuildPhase section */
		3BADC9781E480E53006CFF6B /* Resources */ = {
			isa = PBXResourcesBuildPhase;
			buildActionMask = 2147483647;
			files = (
				3BADC9881E480E54006CFF6B /* LaunchScreen.storyboard in Resources */,
				3BADC9851E480E54006CFF6B /* Assets.xcassets in Resources */,
				3BADC9831E480E54006CFF6B /* Main.storyboard in Resources */,
			);
			runOnlyForDeploymentPostprocessing = 0;
		};
		3BADC98C1E480E54006CFF6B /* Resources */ = {
			isa = PBXResourcesBuildPhase;
			buildActionMask = 2147483647;
			files = (
			);
			runOnlyForDeploymentPostprocessing = 0;
		};
		3BADC9971E480E54006CFF6B /* Resources */ = {
			isa = PBXResourcesBuildPhase;
			buildActionMask = 2147483647;
			files = (
			);
			runOnlyForDeploymentPostprocessing = 0;
		};
/* End PBXResourcesBuildPhase section */

/* Begin PBXSourcesBuildPhase section */
		3BADC9761E480E53006CFF6B /* Sources */ = {
			isa = PBXSourcesBuildPhase;
			buildActionMask = 2147483647;
			files = (
				3BADC9801E480E53006CFF6B /* ViewController.swift in Sources */,
				3BADC97E1E480E53006CFF6B /* AppDelegate.swift in Sources */,
			);
			runOnlyForDeploymentPostprocessing = 0;
		};
		3BADC98A1E480E54006CFF6B /* Sources */ = {
			isa = PBXSourcesBuildPhase;
			buildActionMask = 2147483647;
			files = (
				3BADC9931E480E54006CFF6B /* SaveArchiving_HVTests.swift in Sources */,
			);
			runOnlyForDeploymentPostprocessing = 0;
		};
		3BADC9951E480E54006CFF6B /* Sources */ = {
			isa = PBXSourcesBuildPhase;
			buildActionMask = 2147483647;
			files = (
				3BADC99E1E480E54006CFF6B /* SaveArchiving_HVUITests.swift in Sources */,
			);
			runOnlyForDeploymentPostprocessing = 0;
		};
/* End PBXSourcesBuildPhase section */

/* Begin PBXTargetDependency section */
		3BADC9901E480E54006CFF6B /* PBXTargetDependency */ = {
			isa = PBXTargetDependency;
			target = 3BADC9791E480E53006CFF6B /* SaveArchiving_HV */;
			targetProxy = 3BADC98F1E480E54006CFF6B /* PBXContainerItemProxy */;
		};
		3BADC99B1E480E54006CFF6B /* PBXTargetDependency */ = {
			isa = PBXTargetDependency;
			target = 3BADC9791E480E53006CFF6B /* SaveArchiving_HV */;
			targetProxy = 3BADC99A1E480E54006CFF6B /* PBXContainerItemProxy */;
		};
/* End PBXTargetDependency section */

/* Begin PBXVariantGroup section */
		3BADC9811E480E54006CFF6B /* Main.storyboard */ = {
			isa = PBXVariantGroup;
			children = (
				3BADC9821E480E54006CFF6B /* Base */,
			);
			name = Main.storyboard;
			sourceTree = "<group>";
		};
		3BADC9861E480E54006CFF6B /* LaunchScreen.storyboard */ = {
			isa = PBXVariantGroup;
			children = (
				3BADC9871E480E54006CFF6B /* Base */,
			);
			name = LaunchScreen.storyboard;
			sourceTree = "<group>";
		};
/* End PBXVariantGroup section */

/* Begin XCBuildConfiguration section */
		3BADC9A01E480E54006CFF6B /* Debug */ = {
			isa = XCBuildConfiguration;
			buildSettings = {
				ALWAYS_SEARCH_USER_PATHS = NO;
				CLANG_ANALYZER_NONNULL = YES;
				CLANG_CXX_LANGUAGE_STANDARD = "gnu++0x";
				CLANG_CXX_LIBRARY = "libc++";
				CLANG_ENABLE_MODULES = YES;
				CLANG_ENABLE_OBJC_ARC = YES;
				CLANG_WARN_BOOL_CONVERSION = YES;
				CLANG_WARN_CONSTANT_CONVERSION = YES;
				CLANG_WARN_DIRECT_OBJC_ISA_USAGE = YES_ERROR;
				CLANG_WARN_DOCUMENTATION_COMMENTS = YES;
				CLANG_WARN_EMPTY_BODY = YES;
				CLANG_WARN_ENUM_CONVERSION = YES;
				CLANG_WARN_INFINITE_RECURSION = YES;
				CLANG_WARN_INT_CONVERSION = YES;
				CLANG_WARN_OBJC_ROOT_CLASS = YES_ERROR;
				CLANG_WARN_SUSPICIOUS_MOVE = YES;
				CLANG_WARN_UNREACHABLE_CODE = YES;
				CLANG_WARN__DUPLICATE_METHOD_MATCH = YES;
				"CODE_SIGN_IDENTITY[sdk=iphoneos*]" = "iPhone Developer";
				COPY_PHASE_STRIP = NO;
				DEBUG_INFORMATION_FORMAT = dwarf;
				ENABLE_STRICT_OBJC_MSGSEND = YES;
				ENABLE_TESTABILITY = YES;
				GCC_C_LANGUAGE_STANDARD = gnu99;
				GCC_DYNAMIC_NO_PIC = NO;
				GCC_NO_COMMON_BLOCKS = YES;
				GCC_OPTIMIZATION_LEVEL = 0;
				GCC_PREPROCESSOR_DEFINITIONS = (
					"DEBUG=1",
					"$(inherited)",
				);
				GCC_WARN_64_TO_32_BIT_CONVERSION = YES;
				GCC_WARN_ABOUT_RETURN_TYPE = YES_ERROR;
				GCC_WARN_UNDECLARED_SELECTOR = YES;
				GCC_WARN_UNINITIALIZED_AUTOS = YES_AGGRESSIVE;
				GCC_WARN_UNUSED_FUNCTION = YES;
				GCC_WARN_UNUSED_VARIABLE = YES;
				IPHONEOS_DEPLOYMENT_TARGET = 10.2;
				MTL_ENABLE_DEBUG_INFO = YES;
				ONLY_ACTIVE_ARCH = YES;
				SDKROOT = iphoneos;
				SWIFT_ACTIVE_COMPILATION_CONDITIONS = DEBUG;
				SWIFT_OPTIMIZATION_LEVEL = "-Onone";
				TARGETED_DEVICE_FAMILY = "1,2";
			};
			name = Debug;
		};
		3BADC9A11E480E54006CFF6B /* Release */ = {
			isa = XCBuildConfiguration;
			buildSettings = {
				ALWAYS_SEARCH_USER_PATHS = NO;
				CLANG_ANALYZER_NONNULL = YES;
				CLANG_CXX_LANGUAGE_STANDARD = "gnu++0x";
				CLANG_CXX_LIBRARY = "libc++";
				CLANG_ENABLE_MODULES = YES;
				CLANG_ENABLE_OBJC_ARC = YES;
				CLANG_WARN_BOOL_CONVERSION = YES;
				CLANG_WARN_CONSTANT_CONVERSION = YES;
				CLANG_WARN_DIRECT_OBJC_ISA_USAGE = YES_ERROR;
				CLANG_WARN_DOCUMENTATION_COMMENTS = YES;
				CLANG_WARN_EMPTY_BODY = YES;
				CLANG_WARN_ENUM_CONVERSION = YES;
				CLANG_WARN_INFINITE_RECURSION = YES;
				CLANG_WARN_INT_CONVERSION = YES;
				CLANG_WARN_OBJC_ROOT_CLASS = YES_ERROR;
				CLANG_WARN_SUSPICIOUS_MOVE = YES;
				CLANG_WARN_UNREACHABLE_CODE = YES;
				CLANG_WARN__DUPLICATE_METHOD_MATCH = YES;
				"CODE_SIGN_IDENTITY[sdk=iphoneos*]" = "iPhone Developer";
				COPY_PHASE_STRIP = NO;
				DEBUG_INFORMATION_FORMAT = "dwarf-with-dsym";
				ENABLE_NS_ASSERTIONS = NO;
				ENABLE_STRICT_OBJC_MSGSEND = YES;
				GCC_C_LANGUAGE_STANDARD = gnu99;
				GCC_NO_COMMON_BLOCKS = YES;
				GCC_WARN_64_TO_32_BIT_CONVERSION = YES;
				GCC_WARN_ABOUT_RETURN_TYPE = YES_ERROR;
				GCC_WARN_UNDECLARED_SELECTOR = YES;
				GCC_WARN_UNINITIALIZED_AUTOS = YES_AGGRESSIVE;
				GCC_WARN_UNUSED_FUNCTION = YES;
				GCC_WARN_UNUSED_VARIABLE = YES;
				IPHONEOS_DEPLOYMENT_TARGET = 10.2;
				MTL_ENABLE_DEBUG_INFO = NO;
				SDKROOT = iphoneos;
				SWIFT_OPTIMIZATION_LEVEL = "-Owholemodule";
				TARGETED_DEVICE_FAMILY = "1,2";
				VALIDATE_PRODUCT = YES;
			};
			name = Release;
		};
		3BADC9A31E480E54006CFF6B /* Debug */ = {
			isa = XCBuildConfiguration;
			buildSettings = {
				ASSETCATALOG_COMPILER_APPICON_NAME = AppIcon;
				"CODE_SIGN_IDENTITY[sdk=iphoneos*]" = "iPhone Developer";
				DEVELOPMENT_TEAM = "";
				INFOPLIST_FILE = SaveArchiving_HV/Info.plist;
				LD_RUNPATH_SEARCH_PATHS = "$(inherited) @executable_path/Frameworks";
				PRODUCT_BUNDLE_IDENTIFIER = "origin.SaveArchiving-HV";
				PRODUCT_NAME = "$(TARGET_NAME)";
				SWIFT_VERSION = 3.0;
			};
			name = Debug;
		};
		3BADC9A41E480E54006CFF6B /* Release */ = {
			isa = XCBuildConfiguration;
			buildSettings = {
				ASSETCATALOG_COMPILER_APPICON_NAME = AppIcon;
				"CODE_SIGN_IDENTITY[sdk=iphoneos*]" = "iPhone Developer";
				DEVELOPMENT_TEAM = "";
				INFOPLIST_FILE = SaveArchiving_HV/Info.plist;
				LD_RUNPATH_SEARCH_PATHS = "$(inherited) @executable_path/Frameworks";
				PRODUCT_BUNDLE_IDENTIFIER = "origin.SaveArchiving-HV";
				PRODUCT_NAME = "$(TARGET_NAME)";
				SWIFT_VERSION = 3.0;
			};
			name = Release;
		};
		3BADC9A61E480E54006CFF6B /* Debug */ = {
			isa = XCBuildConfiguration;
			buildSettings = {
				ALWAYS_EMBED_SWIFT_STANDARD_LIBRARIES = YES;
				BUNDLE_LOADER = "$(TEST_HOST)";
				INFOPLIST_FILE = SaveArchiving_HVTests/Info.plist;
				LD_RUNPATH_SEARCH_PATHS = "$(inherited) @executable_path/Frameworks @loader_path/Frameworks";
				PRODUCT_BUNDLE_IDENTIFIER = "origin.SaveArchiving-HVTests";
				PRODUCT_NAME = "$(TARGET_NAME)";
				SWIFT_VERSION = 3.0;
				TEST_HOST = "$(BUILT_PRODUCTS_DIR)/SaveArchiving_HV.app/SaveArchiving_HV";
			};
			name = Debug;
		};
		3BADC9A71E480E54006CFF6B /* Release */ = {
			isa = XCBuildConfiguration;
			buildSettings = {
				ALWAYS_EMBED_SWIFT_STANDARD_LIBRARIES = YES;
				BUNDLE_LOADER = "$(TEST_HOST)";
				INFOPLIST_FILE = SaveArchiving_HVTests/Info.plist;
				LD_RUNPATH_SEARCH_PATHS = "$(inherited) @executable_path/Frameworks @loader_path/Frameworks";
				PRODUCT_BUNDLE_IDENTIFIER = "origin.SaveArchiving-HVTests";
				PRODUCT_NAME = "$(TARGET_NAME)";
				SWIFT_VERSION = 3.0;
				TEST_HOST = "$(BUILT_PRODUCTS_DIR)/SaveArchiving_HV.app/SaveArchiving_HV";
			};
			name = Release;
		};
		3BADC9A91E480E54006CFF6B /* Debug */ = {
			isa = XCBuildConfiguration;
			buildSettings = {
				ALWAYS_EMBED_SWIFT_STANDARD_LIBRARIES = YES;
				INFOPLIST_FILE = SaveArchiving_HVUITests/Info.plist;
				LD_RUNPATH_SEARCH_PATHS = "$(inherited) @executable_path/Frameworks @loader_path/Frameworks";
				PRODUCT_BUNDLE_IDENTIFIER = "origin.SaveArchiving-HVUITests";
				PRODUCT_NAME = "$(TARGET_NAME)";
				SWIFT_VERSION = 3.0;
				TEST_TARGET_NAME = SaveArchiving_HV;
			};
			name = Debug;
		};
		3BADC9AA1E480E54006CFF6B /* Release */ = {
			isa = XCBuildConfiguration;
			buildSettings = {
				ALWAYS_EMBED_SWIFT_STANDARD_LIBRARIES = YES;
				INFOPLIST_FILE = SaveArchiving_HVUITests/Info.plist;
				LD_RUNPATH_SEARCH_PATHS = "$(inherited) @executable_path/Frameworks @loader_path/Frameworks";
				PRODUCT_BUNDLE_IDENTIFIER = "origin.SaveArchiving-HVUITests";
				PRODUCT_NAME = "$(TARGET_NAME)";
				SWIFT_VERSION = 3.0;
				TEST_TARGET_NAME = SaveArchiving_HV;
			};
			name = Release;
		};
/* End XCBuildConfiguration section */

/* Begin XCConfigurationList section */
		3BADC9751E480E53006CFF6B /* Build configuration list for PBXProject "SaveArchiving_HV" */ = {
			isa = XCConfigurationList;
			buildConfigurations = (
				3BADC9A01E480E54006CFF6B /* Debug */,
				3BADC9A11E480E54006CFF6B /* Release */,
			);
			defaultConfigurationIsVisible = 0;
			defaultConfigurationName = Release;
		};
		3BADC9A21E480E54006CFF6B /* Build configuration list for PBXNativeTarget "SaveArchiving_HV" */ = {
			isa = XCConfigurationList;
			buildConfigurations = (
				3BADC9A31E480E54006CFF6B /* Debug */,
				3BADC9A41E480E54006CFF6B /* Release */,
			);
			defaultConfigurationIsVisible = 0;
		};
		3BADC9A51E480E54006CFF6B /* Build configuration list for PBXNativeTarget "SaveArchiving_HVTests" */ = {
			isa = XCConfigurationList;
			buildConfigurations = (
				3BADC9A61E480E54006CFF6B /* Debug */,
				3BADC9A71E480E54006CFF6B /* Release */,
			);
			defaultConfigurationIsVisible = 0;
		};
		3BADC9A81E480E54006CFF6B /* Build configuration list for PBXNativeTarget "SaveArchiving_HVUITests" */ = {
			isa = XCConfigurationList;
			buildConfigurations = (
				3BADC9A91E480E54006CFF6B /* Debug */,
				3BADC9AA1E480E54006CFF6B /* Release */,
			);
			defaultConfigurationIsVisible = 0;
		};
/* End XCConfigurationList section */
	};
	rootObject = 3BADC9721E480E53006CFF6B /* Project object */;
}
